
Microsoft Visual Studio Solution File, Format Version 12.00
# Visual Studio 2015
Project("{FAE04EC0-301F-11D3-BF4B-00C04F79EFBC}") = "3DGame.CSharp", "3DGame.CSharp.csproj", "{8086CDFA-2F93-C5E3-3817-BB64493375F2}"
EndProject
Project("{FAE04EC0-301F-11D3-BF4B-00C04F79EFBC}") = "3DGame.CSharp.Editor", "3DGame.CSharp.Editor.csproj", "{51019AF5-0DA1-E5B1-FD6C-D0441348750A}"
EndProject
Global
	GlobalSection(SolutionConfigurationPlatforms) = preSolution
		Debug|Any CPU = Debug|Any CPU
		Release|Any CPU = Release|Any CPU
	EndGlobalSection
	GlobalSection(ProjectConfigurationPlatforms) = postSolution
		{8086CDFA-2F93-C5E3-3817-BB64493375F2}.Debug|Any CPU.ActiveCfg = Debug|Any CPU
		{8086CDFA-2F93-C5E3-3817-BB64493375F2}.Debug|Any CPU.Build.0 = Debug|Any CPU
		{8086CDFA-2F93-C5E3-3817-BB64493375F2}.Release|Any CPU.ActiveCfg = Release|Any CPU
		{8086CDFA-2F93-C5E3-3817-BB64493375F2}.Release|Any CPU.Build.0 = Release|Any CPU
		{51019AF5-0DA1-E5B1-FD6C-D0441348750A}.Debug|Any CPU.ActiveCfg = Debug|Any CPU
		{51019AF5-0DA1-E5B1-FD6C-D0441348750A}.Debug|Any CPU.Build.0 = Debug|Any CPU
		{51019AF5-0DA1-E5B1-FD6C-D0441348750A}.Release|Any CPU.ActiveCfg = Release|Any CPU
		{51019AF5-0DA1-E5B1-FD6C-D0441348750A}.Release|Any CPU.Build.0 = Release|Any CPU
	EndGlobalSection
	GlobalSection(SolutionProperties) = preSolution
		HideSolutionNode = FALSE
	EndGlobalSection
EndGlobal
